github.com/andrehdsc/dog v0.0.0-20250519192925-201381ffda9b h1:8CVjBJ/CEaNycr9P5Loel5/0bIFTFCN0SyaarG1SIvo=
github.com/andrehdsc/dog v0.0.0-20250519192925-201381ffda9b/go.mod h1:KatV6T5m9jy91KB9vKMTr9wCidIMsXIlwDtKcq350mc=
github.com/andrehdsc/puppy v1.3.1 h1:MKGx20a2hti4auUA443ZDFsBfYJY+B0wA9IPJfB+7Ek=
github.com/andrehdsc/puppy v1.3.1/go.mod h1:xmwvh2FwbFd8aQQSHUAa7uOfRsTFblYZ/vG6ssF6p18=
golang.org/x/exp v0.0.0-20250606033433-dcc06ee1d476 h1:bsqhLWFR6G6xiQcb+JoGqdKdRU6WzPWmK8E0jxTjzo4=
golang.org/x/exp v0.0.0-20250606033433-dcc06ee1d476/go.mod h1:3//PLf8L/X+8b4vuAfHzxeRUl04Adcb341+IGKfnqS8=
